
Microsoft Visual Studio Solution File, Format Version 12.00
# Visual Studio Version 16
VisualStudioVersion = 16.0.29009.5
MinimumVisualStudioVersion = 10.0.40219.1
Project("{888888A0-9F3D-457C-B088-3A5042F75D52}") = "TeleBot", "TeleBot\TeleBot.pyproj", "{B20A2B8E-91AF-4E95-8BD3-06EDD38D5030}"
EndProject
Global
	GlobalSection(SolutionConfigurationPlatforms) = preSolution
		Debug|Any CPU = Debug|Any CPU
		Release|Any CPU = Release|Any CPU
	EndGlobalSection
	GlobalSection(ProjectConfigurationPlatforms) = postSolution
		{B20A2B8E-91AF-4E95-8BD3-06EDD38D5030}.Debug|Any CPU.ActiveCfg = Debug|Any CPU
		{B20A2B8E-91AF-4E95-8BD3-06EDD38D5030}.Debug|Any CPU.Build.0 = Debug|Any CPU
		{B20A2B8E-91AF-4E95-8BD3-06EDD38D5030}.Release|Any CPU.ActiveCfg = Release|Any CPU
		{B20A2B8E-91AF-4E95-8BD3-06EDD38D5030}.Release|Any CPU.Build.0 = Release|Any CPU
	EndGlobalSection
	GlobalSection(SolutionProperties) = preSolution
		HideSolutionNode = FALSE
	EndGlobalSection
	GlobalSection(ExtensibilityGlobals) = postSolution
		SolutionGuid = {117E8A8F-D1D1-4644-94E2-D1AAAE2C437E}
	EndGlobalSection
EndGlobal
